
Microsoft Visual Studio Solution File, Format Version 12.00
# Visual Studio Version 17
VisualStudioVersion = 17.10.34928.147
MinimumVisualStudioVersion = 10.0.40219.1
Project("{FAE04EC0-301F-11D3-BF4B-00C04F79EFBC}") = "TaskManagerAPIa", "TaskManagerAPIa\TaskManagerAPIa.csproj", "{17F6F3FD-475E-43EC-BF03-640C0958AD0D}"
EndProject
Global
	GlobalSection(SolutionConfigurationPlatforms) = preSolution
		Debug|Any CPU = Debug|Any CPU
		Release|Any CPU = Release|Any CPU
	EndGlobalSection
	GlobalSection(ProjectConfigurationPlatforms) = postSolution
		{17F6F3FD-475E-43EC-BF03-640C0958AD0D}.Debug|Any CPU.ActiveCfg = Debug|Any CPU
		{17F6F3FD-475E-43EC-BF03-640C0958AD0D}.Debug|Any CPU.Build.0 = Debug|Any CPU
		{17F6F3FD-475E-43EC-BF03-640C0958AD0D}.Release|Any CPU.ActiveCfg = Release|Any CPU
		{17F6F3FD-475E-43EC-BF03-640C0958AD0D}.Release|Any CPU.Build.0 = Release|Any CPU
	EndGlobalSection
	GlobalSection(SolutionProperties) = preSolution
		HideSolutionNode = FALSE
	EndGlobalSection
	GlobalSection(ExtensibilityGlobals) = postSolution
		SolutionGuid = {7CF04228-4762-42DD-90E8-540A3C87F2FA}
	EndGlobalSection
EndGlobal
